
Microsoft Visual Studio Solution File, Format Version 12.00
# Visual Studio Version 17
VisualStudioVersion = 17.2.32516.85
MinimumVisualStudioVersion = 10.0.40219.1
Project("{9A19103F-16F7-4668-BE54-9A1E7A4F7556}") = "FitTurkBlog.UI", "FitTurkBlog\FitTurkBlog.UI.csproj", "{7EE7099B-3F37-4AEC-AF2C-B26C06BC5F44}"
EndProject
Project("{9A19103F-16F7-4668-BE54-9A1E7A4F7556}") = "FitTurkBlog.Entities", "FitTurkBlog.Entities\FitTurkBlog.Entities.csproj", "{3F43ECBF-1DC4-43BC-ABAC-5410A692DA21}"
EndProject
Project("{9A19103F-16F7-4668-BE54-9A1E7A4F7556}") = "FitTurkBlog.DAL", "FitTurkBlog.DAL\FitTurkBlog.DAL.csproj", "{4EC0EDBA-1B53-4FF6-A80B-C4CD48A74541}"
EndProject
Project("{9A19103F-16F7-4668-BE54-9A1E7A4F7556}") = "FitTurkBlog.BL", "FitTurkBlog.BL\FitTurkBlog.BL.csproj", "{C7DE3620-7C10-4FCD-9921-4A44DD83EA7B}"
EndProject
Global
	GlobalSection(SolutionConfigurationPlatforms) = preSolution
		Debug|Any CPU = Debug|Any CPU
		Release|Any CPU = Release|Any CPU
	EndGlobalSection
	GlobalSection(ProjectConfigurationPlatforms) = postSolution
		{7EE7099B-3F37-4AEC-AF2C-B26C06BC5F44}.Debug|Any CPU.ActiveCfg = Debug|Any CPU
		{7EE7099B-3F37-4AEC-AF2C-B26C06BC5F44}.Debug|Any CPU.Build.0 = Debug|Any CPU
		{7EE7099B-3F37-4AEC-AF2C-B26C06BC5F44}.Release|Any CPU.ActiveCfg = Release|Any CPU
		{7EE7099B-3F37-4AEC-AF2C-B26C06BC5F44}.Release|Any CPU.Build.0 = Release|Any CPU
		{3F43ECBF-1DC4-43BC-ABAC-5410A692DA21}.Debug|Any CPU.ActiveCfg = Debug|Any CPU
		{3F43ECBF-1DC4-43BC-ABAC-5410A692DA21}.Debug|Any CPU.Build.0 = Debug|Any CPU
		{3F43ECBF-1DC4-43BC-ABAC-5410A692DA21}.Release|Any CPU.ActiveCfg = Release|Any CPU
		{3F43ECBF-1DC4-43BC-ABAC-5410A692DA21}.Release|Any CPU.Build.0 = Release|Any CPU
		{4EC0EDBA-1B53-4FF6-A80B-C4CD48A74541}.Debug|Any CPU.ActiveCfg = Debug|Any CPU
		{4EC0EDBA-1B53-4FF6-A80B-C4CD48A74541}.Debug|Any CPU.Build.0 = Debug|Any CPU
		{4EC0EDBA-1B53-4FF6-A80B-C4CD48A74541}.Release|Any CPU.ActiveCfg = Release|Any CPU
		{4EC0EDBA-1B53-4FF6-A80B-C4CD48A74541}.Release|Any CPU.Build.0 = Release|Any CPU
		{C7DE3620-7C10-4FCD-9921-4A44DD83EA7B}.Debug|Any CPU.ActiveCfg = Debug|Any CPU
		{C7DE3620-7C10-4FCD-9921-4A44DD83EA7B}.Debug|Any CPU.Build.0 = Debug|Any CPU
		{C7DE3620-7C10-4FCD-9921-4A44DD83EA7B}.Release|Any CPU.ActiveCfg = Release|Any CPU
		{C7DE3620-7C10-4FCD-9921-4A44DD83EA7B}.Release|Any CPU.Build.0 = Release|Any CPU
	EndGlobalSection
	GlobalSection(SolutionProperties) = preSolution
		HideSolutionNode = FALSE
	EndGlobalSection
	GlobalSection(ExtensibilityGlobals) = postSolution
		SolutionGuid = {9EB69D00-A4BB-4BEB-A69A-001DCE8D61A3}
	EndGlobalSection
EndGlobal
